// !$*UTF8*$!
{
	archiveVersion = 1;
	classes = {
	};
	objectVersion = 50;
	objects = {

/* Begin PBXBuildFile section */
		2E2C2C9B24683757009F8AC8 /* CameraView.swift in Sources */ = {isa = PBXBuildFile; fileRef = 2E2C2C9A24683757009F8AC8 /* CameraView.swift */; };
		2E2C2C9D2468382D009F8AC8 /* ImagePicker.swift in Sources */ = {isa = PBXBuildFile; fileRef = 2E2C2C9C2468382D009F8AC8 /* ImagePicker.swift */; };
		2E2C2C9F24683859009F8AC8 /* PhotoCaptureView.swift in Sources */ = {isa = PBXBuildFile; fileRef = 2E2C2C9E24683859009F8AC8 /* PhotoCaptureView.swift */; };
		2E906D07246177250009D3FE /* SearchView.swift in Sources */ = {isa = PBXBuildFile; fileRef = 2E906D06246177250009D3FE /* SearchView.swift */; };
		2EB88A79246D0E6A009A9064 /* Lentil.mlmodel in Sources */ = {isa = PBXBuildFile; fileRef = 2EB88A78246D0E6A009A9064 /* Lentil.mlmodel */; };
		2EECA3B0246128B0005D04FE /* AppDelegate.swift in Sources */ = {isa = PBXBuildFile; fileRef = 2EECA3AF246128B0005D04FE /* AppDelegate.swift */; };
		2EECA3B2246128B0005D04FE /* SceneDelegate.swift in Sources */ = {isa = PBXBuildFile; fileRef = 2EECA3B1246128B0005D04FE /* SceneDelegate.swift */; };
		2EECA3B4246128B0005D04FE /* ContentView.swift in Sources */ = {isa = PBXBuildFile; fileRef = 2EECA3B3246128B0005D04FE /* ContentView.swift */; };
		2EECA3B6246128B7005D04FE /* Assets.xcassets in Resources */ = {isa = PBXBuildFile; fileRef = 2EECA3B5246128B7005D04FE /* Assets.xcassets */; };
		2EECA3B9246128B7005D04FE /* Preview Assets.xcassets in Resources */ = {isa = PBXBuildFile; fileRef = 2EECA3B8246128B7005D04FE /* Preview Assets.xcassets */; };
		2EECA3BC246128B7005D04FE /* LaunchScreen.storyboard in Resources */ = {isa = PBXBuildFile; fileRef = 2EECA3BA246128B7005D04FE /* LaunchScreen.storyboard */; };
/* End PBXBuildFile section */

/* Begin PBXFileReference section */
		2E2C2C9A24683757009F8AC8 /* CameraView.swift */ = {isa = PBXFileReference; lastKnownFileType = sourcecode.swift; name = CameraView.swift; path = ../../CameraView.swift; sourceTree = "<group>"; };
		2E2C2C9C2468382D009F8AC8 /* ImagePicker.swift */ = {isa = PBXFileReference; lastKnownFileType = sourcecode.swift; path = ImagePicker.swift; sourceTree = "<group>"; };
		2E2C2C9E24683859009F8AC8 /* PhotoCaptureView.swift */ = {isa = PBXFileReference; lastKnownFileType = sourcecode.swift; path = PhotoCaptureView.swift; sourceTree = "<group>"; };
		2E906D06246177250009D3FE /* SearchView.swift */ = {isa = PBXFileReference; lastKnownFileType = sourcecode.swift; path = SearchView.swift; sourceTree = "<group>"; };
		2EB88A78246D0E6A009A9064 /* Lentil.mlmodel */ = {isa = PBXFileReference; lastKnownFileType = file.mlmodel; path = Lentil.mlmodel; sourceTree = "<group>"; };
		2EECA3AC246128B0005D04FE /* Lentil.app */ = {isa = PBXFileReference; explicitFileType = wrapper.application; includeInIndex = 0; path = Lentil.app; sourceTree = BUILT_PRODUCTS_DIR; };
		2EECA3AF246128B0005D04FE /* AppDelegate.swift */ = {isa = PBXFileReference; lastKnownFileType = sourcecode.swift; path = AppDelegate.swift; sourceTree = "<group>"; };
		2EECA3B1246128B0005D04FE /* SceneDelegate.swift */ = {isa = PBXFileReference; lastKnownFileType = sourcecode.swift; path = SceneDelegate.swift; sourceTree = "<group>"; };
		2EECA3B3246128B0005D04FE /* ContentView.swift */ = {isa = PBXFileReference; lastKnownFileType = sourcecode.swift; path = ContentView.swift; sourceTree = "<group>"; };
		2EECA3B5246128B7005D04FE /* Assets.xcassets */ = {isa = PBXFileReference; lastKnownFileType = folder.assetcatalog; path = Assets.xcassets; sourceTree = "<group>"; };
		2EECA3B8246128B7005D04FE /* Preview Assets.xcassets */ = {isa = PBXFileReference; lastKnownFileType = folder.assetcatalog; path = "Preview Assets.xcassets"; sourceTree = "<group>"; };
		2EECA3BB246128B7005D04FE /* Base */ = {isa = PBXFileReference; lastKnownFileType = file.storyboard; name = Base; path = Base.lproj/LaunchScreen.storyboard; sourceTree = "<group>"; };
		2EECA3BD246128B7005D04FE /* Info.plist */ = {isa = PBXFileReference; lastKnownFileType = text.plist.xml; path = Info.plist; sourceTree = "<group>"; };
/* End PBXFileReference section */

/* Begin PBXFrameworksBuildPhase section */
		2EECA3A9246128B0005D04FE /* Frameworks */ = {
			isa = PBXFrameworksBuildPhase;
			buildActionMask = 2147483647;
			files = (
			);
			runOnlyForDeploymentPostprocessing = 0;
		};
/* End PBXFrameworksBuildPhase section */

/* Begin PBXGroup section */
		2E906D08246177300009D3FE /* Views */ = {
			isa = PBXGroup;
			children = (
				2E906D06246177250009D3FE /* SearchView.swift */,
				2EECA3B3246128B0005D04FE /* ContentView.swift */,
				2E2C2C9A24683757009F8AC8 /* CameraView.swift */,
			);
			path = Views;
			sourceTree = "<group>";
		};
		2E906D092461AED10009D3FE /* Model */ = {
			isa = PBXGroup;
			children = (
				2E2C2C9E24683859009F8AC8 /* PhotoCaptureView.swift */,
				2E2C2C9C2468382D009F8AC8 /* ImagePicker.swift */,
			);
			path = Model;
			sourceTree = "<group>";
		};
		2EECA3A3246128B0005D04FE = {
			isa = PBXGroup;
			children = (
				2EECA3AE246128B0005D04FE /* Lentil */,
				2EECA3AD246128B0005D04FE /* Products */,
				2EB88A78246D0E6A009A9064 /* Lentil.mlmodel */,
			);
			sourceTree = "<group>";
		};
		2EECA3AD246128B0005D04FE /* Products */ = {
			isa = PBXGroup;
			children = (
				2EECA3AC246128B0005D04FE /* Lentil.app */,
			);
			name = Products;
			sourceTree = "<group>";
		};
		2EECA3AE246128B0005D04FE /* Lentil */ = {
			isa = PBXGroup;
			children = (
				2EECA3AF246128B0005D04FE /* AppDelegate.swift */,
				2EECA3B1246128B0005D04FE /* SceneDelegate.swift */,
				2E906D08246177300009D3FE /* Views */,
				2EECA3B5246128B7005D04FE /* Assets.xcassets */,
				2E906D092461AED10009D3FE /* Model */,
				2EECA3BA246128B7005D04FE /* LaunchScreen.storyboard */,
				2EECA3BD246128B7005D04FE /* Info.plist */,
				2EECA3B7246128B7005D04FE /* Preview Content */,
			);
			path = Lentil;
			sourceTree = "<group>";
		};
		2EECA3B7246128B7005D04FE /* Preview Content */ = {
			isa = PBXGroup;
			children = (
				2EECA3B8246128B7005D04FE /* Preview Assets.xcassets */,
			);
			path = "Preview Content";
			sourceTree = "<group>";
		};
/* End PBXGroup section */

/* Begin PBXNativeTarget section */
		2EECA3AB246128B0005D04FE /* Lentil */ = {
			isa = PBXNativeTarget;
			buildConfigurationList = 2EECA3C0246128B7005D04FE /* Build configuration list for PBXNativeTarget "Lentil" */;
			buildPhases = (
				2EECA3A8246128B0005D04FE /* Sources */,
				2EECA3A9246128B0005D04FE /* Frameworks */,
				2EECA3AA246128B0005D04FE /* Resources */,
			);
			buildRules = (
			);
			dependencies = (
			);
			name = Lentil;
			productName = Lentil;
			productReference = 2EECA3AC246128B0005D04FE /* Lentil.app */;
			productType = "com.apple.product-type.application";
		};
/* End PBXNativeTarget section */

/* Begin PBXProject section */
		2EECA3A4246128B0005D04FE /* Project object */ = {
			isa = PBXProject;
			attributes = {
				LastSwiftUpdateCheck = 1140;
				LastUpgradeCheck = 1140;
				ORGANIZATIONNAME = "Yogesh Sehgal";
				TargetAttributes = {
					2EECA3AB246128B0005D04FE = {
						CreatedOnToolsVersion = 11.4;
					};
				};
			};
			buildConfigurationList = 2EECA3A7246128B0005D04FE /* Build configuration list for PBXProject "Lentil" */;
			compatibilityVersion = "Xcode 9.3";
			developmentRegion = en;
			hasScannedForEncodings = 0;
			knownRegions = (
				en,
				Base,
			);
			mainGroup = 2EECA3A3246128B0005D04FE;
			productRefGroup = 2EECA3AD246128B0005D04FE /* Products */;
			projectDirPath = "";
			projectRoot = "";
			targets = (
				2EECA3AB246128B0005D04FE /* Lentil */,
			);
		};
/* End PBXProject section */

/* Begin PBXResourcesBuildPhase section */
		2EECA3AA246128B0005D04FE /* Resources */ = {
			isa = PBXResourcesBuildPhase;
			buildActionMask = 2147483647;
			files = (
				2EECA3BC246128B7005D04FE /* LaunchScreen.storyboard in Resources */,
				2EECA3B9246128B7005D04FE /* Preview Assets.xcassets in Resources */,
				2EECA3B6246128B7005D04FE /* Assets.xcassets in Resources */,
			);
			runOnlyForDeploymentPostprocessing = 0;
		};
/* End PBXResourcesBuildPhase section */

/* Begin PBXSourcesBuildPhase section */
		2EECA3A8246128B0005D04FE /* Sources */ = {
			isa = PBXSourcesBuildPhase;
			buildActionMask = 2147483647;
			files = (
				2E906D07246177250009D3FE /* SearchView.swift in Sources */,
				2EB88A79246D0E6A009A9064 /* Lentil.mlmodel in Sources */,
				2E2C2C9F24683859009F8AC8 /* PhotoCaptureView.swift in Sources */,
				2EECA3B0246128B0005D04FE /* AppDelegate.swift in Sources */,
				2E2C2C9D2468382D009F8AC8 /* ImagePicker.swift in Sources */,
				2E2C2C9B24683757009F8AC8 /* CameraView.swift in Sources */,
				2EECA3B2246128B0005D04FE /* SceneDelegate.swift in Sources */,
				2EECA3B4246128B0005D04FE /* ContentView.swift in Sources */,
			);
			runOnlyForDeploymentPostprocessing = 0;
		};
/* End PBXSourcesBuildPhase section */

/* Begin PBXVariantGroup section */
		2EECA3BA246128B7005D04FE /* LaunchScreen.storyboard */ = {
			isa = PBXVariantGroup;
			children = (
				2EECA3BB246128B7005D04FE /* Base */,
			);
			name = LaunchScreen.storyboard;
			sourceTree = "<group>";
		};
/* End PBXVariantGroup section */

/* Begin XCBuildConfiguration section */
		2EECA3BE246128B7005D04FE /* Debug */ = {
			isa = XCBuildConfiguration;
			buildSettings = {
				ALWAYS_SEARCH_USER_PATHS = NO;
				CLANG_ANALYZER_NONNULL = YES;
				CLANG_ANALYZER_NUMBER_OBJECT_CONVERSION = YES_AGGRESSIVE;
				CLANG_CXX_LANGUAGE_STANDARD = "gnu++14";
				CLANG_CXX_LIBRARY = "libc++";
				CLANG_ENABLE_MODULES = YES;
				CLANG_ENABLE_OBJC_ARC = YES;
				CLANG_ENABLE_OBJC_WEAK = YES;
				CLANG_WARN_BLOCK_CAPTURE_AUTORELEASING = YES;
				CLANG_WARN_BOOL_CONVERSION = YES;
				CLANG_WARN_COMMA = YES;
				CLANG_WARN_CONSTANT_CONVERSION = YES;
				CLANG_WARN_DEPRECATED_OBJC_IMPLEMENTATIONS = YES;
				CLANG_WARN_DIRECT_OBJC_ISA_USAGE = YES_ERROR;
				CLANG_WARN_DOCUMENTATION_COMMENTS = YES;
				CLANG_WARN_EMPTY_BODY = YES;
				CLANG_WARN_ENUM_CONVERSION = YES;
				CLANG_WARN_INFINITE_RECURSION = YES;
				CLANG_WARN_INT_CONVERSION = YES;
				CLANG_WARN_NON_LITERAL_NULL_CONVERSION = YES;
				CLANG_WARN_OBJC_IMPLICIT_RETAIN_SELF = YES;
				CLANG_WARN_OBJC_LITERAL_CONVERSION = YES;
				CLANG_WARN_OBJC_ROOT_CLASS = YES_ERROR;
				CLANG_WARN_RANGE_LOOP_ANALYSIS = YES;
				CLANG_WARN_STRICT_PROTOTYPES = YES;
				CLANG_WARN_SUSPICIOUS_MOVE = YES;
				CLANG_WARN_UNGUARDED_AVAILABILITY = YES_AGGRESSIVE;
				CLANG_WARN_UNREACHABLE_CODE = YES;
				CLANG_WARN__DUPLICATE_METHOD_MATCH = YES;
				COPY_PHASE_STRIP = NO;
				DEBUG_INFORMATION_FORMAT = dwarf;
				ENABLE_STRICT_OBJC_MSGSEND = YES;
				ENABLE_TESTABILITY = YES;
				GCC_C_LANGUAGE_STANDARD = gnu11;
				GCC_DYNAMIC_NO_PIC = NO;
				GCC_NO_COMMON_BLOCKS = YES;
				GCC_OPTIMIZATION_LEVEL = 0;
				GCC_PREPROCESSOR_DEFINITIONS = (
					"DEBUG=1",
					"$(inherited)",
				);
				GCC_WARN_64_TO_32_BIT_CONVERSION = YES;
				GCC_WARN_ABOUT_RETURN_TYPE = YES_ERROR;
				GCC_WARN_UNDECLARED_SELECTOR = YES;
				GCC_WARN_UNINITIALIZED_AUTOS = YES_AGGRESSIVE;
				GCC_WARN_UNUSED_FUNCTION = YES;
				GCC_WARN_UNUSED_VARIABLE = YES;
				IPHONEOS_DEPLOYMENT_TARGET = 13.4;
				MTL_ENABLE_DEBUG_INFO = INCLUDE_SOURCE;
				MTL_FAST_MATH = YES;
				ONLY_ACTIVE_ARCH = YES;
				SDKROOT = iphoneos;
				SWIFT_ACTIVE_COMPILATION_CONDITIONS = DEBUG;
				SWIFT_OPTIMIZATION_LEVEL = "-Onone";
			};
			name = Debug;
		};
		2EECA3BF246128B7005D04FE /* Release */ = {
			isa = XCBuildConfiguration;
			buildSettings = {
				ALWAYS_SEARCH_USER_PATHS = NO;
				CLANG_ANALYZER_NONNULL = YES;
				CLANG_ANALYZER_NUMBER_OBJECT_CONVERSION = YES_AGGRESSIVE;
				CLANG_CXX_LANGUAGE_STANDARD = "gnu++14";
				CLANG_CXX_LIBRARY = "libc++";
				CLANG_ENABLE_MODULES = YES;
				CLANG_ENABLE_OBJC_ARC = YES;
				CLANG_ENABLE_OBJC_WEAK = YES;
				CLANG_WARN_BLOCK_CAPTURE_AUTORELEASING = YES;
				CLANG_WARN_BOOL_CONVERSION = YES;
				CLANG_WARN_COMMA = YES;
				CLANG_WARN_CONSTANT_CONVERSION = YES;
				CLANG_WARN_DEPRECATED_OBJC_IMPLEMENTATIONS = YES;
				CLANG_WARN_DIRECT_OBJC_ISA_USAGE = YES_ERROR;
				CLANG_WARN_DOCUMENTATION_COMMENTS = YES;
				CLANG_WARN_EMPTY_BODY = YES;
				CLANG_WARN_ENUM_CONVERSION = YES;
				CLANG_WARN_INFINITE_RECURSION = YES;
				CLANG_WARN_INT_CONVERSION = YES;
				CLANG_WARN_NON_LITERAL_NULL_CONVERSION = YES;
				CLANG_WARN_OBJC_IMPLICIT_RETAIN_SELF = YES;
				CLANG_WARN_OBJC_LITERAL_CONVERSION = YES;
				CLANG_WARN_OBJC_ROOT_CLASS = YES_ERROR;
				CLANG_WARN_RANGE_LOOP_ANALYSIS = YES;
				CLANG_WARN_STRICT_PROTOTYPES = YES;
				CLANG_WARN_SUSPICIOUS_MOVE = YES;
				CLANG_WARN_UNGUARDED_AVAILABILITY = YES_AGGRESSIVE;
				CLANG_WARN_UNREACHABLE_CODE = YES;
				CLANG_WARN__DUPLICATE_METHOD_MATCH = YES;
				COPY_PHASE_STRIP = NO;
				DEBUG_INFORMATION_FORMAT = "dwarf-with-dsym";
				ENABLE_NS_ASSERTIONS = NO;
				ENABLE_STRICT_OBJC_MSGSEND = YES;
				GCC_C_LANGUAGE_STANDARD = gnu11;
				GCC_NO_COMMON_BLOCKS = YES;
				GCC_WARN_64_TO_32_BIT_CONVERSION = YES;
				GCC_WARN_ABOUT_RETURN_TYPE = YES_ERROR;
				GCC_WARN_UNDECLARED_SELECTOR = YES;
				GCC_WARN_UNINITIALIZED_AUTOS = YES_AGGRESSIVE;
				GCC_WARN_UNUSED_FUNCTION = YES;
				GCC_WARN_UNUSED_VARIABLE = YES;
				IPHONEOS_DEPLOYMENT_TARGET = 13.4;
				MTL_ENABLE_DEBUG_INFO = NO;
				MTL_FAST_MATH = YES;
				SDKROOT = iphoneos;
				SWIFT_COMPILATION_MODE = wholemodule;
				SWIFT_OPTIMIZATION_LEVEL = "-O";
				VALIDATE_PRODUCT = YES;
			};
			name = Release;
		};
		2EECA3C1246128B7005D04FE /* Debug */ = {
			isa = XCBuildConfiguration;
			buildSettings = {
				ASSETCATALOG_COMPILER_APPICON_NAME = AppIcon;
				CODE_SIGN_STYLE = Automatic;
				DEVELOPMENT_ASSET_PATHS = "\"Lentil/Preview Content\"";
				DEVELOPMENT_TEAM = NA48AH3W7D;
				ENABLE_PREVIEWS = YES;
				INFOPLIST_FILE = Lentil/Info.plist;
				LD_RUNPATH_SEARCH_PATHS = (
					"$(inherited)",
					"@executable_path/Frameworks",
				);
				PRODUCT_BUNDLE_IDENTIFIER = com.JCND.Lentil;
				PRODUCT_NAME = "$(TARGET_NAME)";
				SWIFT_VERSION = 5.0;
				TARGETED_DEVICE_FAMILY = "1,2";
			};
			name = Debug;
		};
		2EECA3C2246128B7005D04FE /* Release */ = {
			isa = XCBuildConfiguration;
			buildSettings = {
				ASSETCATALOG_COMPILER_APPICON_NAME = AppIcon;
				CODE_SIGN_STYLE = Automatic;
				DEVELOPMENT_ASSET_PATHS = "\"Lentil/Preview Content\"";
				DEVELOPMENT_TEAM = NA48AH3W7D;
				ENABLE_PREVIEWS = YES;
				INFOPLIST_FILE = Lentil/Info.plist;
				LD_RUNPATH_SEARCH_PATHS = (
					"$(inherited)",
					"@executable_path/Frameworks",
				);
				PRODUCT_BUNDLE_IDENTIFIER = com.JCND.Lentil;
				PRODUCT_NAME = "$(TARGET_NAME)";
				SWIFT_VERSION = 5.0;
				TARGETED_DEVICE_FAMILY = "1,2";
			};
			name = Release;
		};
/* End XCBuildConfiguration section */

/* Begin XCConfigurationList section */
		2EECA3A7246128B0005D04FE /* Build configuration list for PBXProject "Lentil" */ = {
			isa = XCConfigurationList;
			buildConfigurations = (
				2EECA3BE246128B7005D04FE /* Debug */,
				2EECA3BF246128B7005D04FE /* Release */,
			);
			defaultConfigurationIsVisible = 0;
			defaultConfigurationName = Release;
		};
		2EECA3C0246128B7005D04FE /* Build configuration list for PBXNativeTarget "Lentil" */ = {
			isa = XCConfigurationList;
			buildConfigurations = (
				2EECA3C1246128B7005D04FE /* Debug */,
				2EECA3C2246128B7005D04FE /* Release */,
			);
			defaultConfigurationIsVisible = 0;
			defaultConfigurationName = Release;
		};
/* End XCConfigurationList section */
	};
	rootObject = 2EECA3A4246128B0005D04FE /* Project object */;
}
